// !$*UTF8*$!
{
	archiveVersion = 1;
	classes = {
	};
	objectVersion = 50;
	objects = {

/* Begin PBXBuildFile section */
		22B0FCDE6F7F4B521AE004DD /* Pods_udpsnap.framework in Frameworks */ = {isa = PBXBuildFile; fileRef = D02C501F37BAC8A52FC649E5 /* Pods_udpsnap.framework */; };
		8864836020E00E2B00ECE8FF /* AppDelegate.swift in Sources */ = {isa = PBXBuildFile; fileRef = 8864835F20E00E2B00ECE8FF /* AppDelegate.swift */; };
		8864836220E00E2C00ECE8FF /* ViewController.swift in Sources */ = {isa = PBXBuildFile; fileRef = 8864836120E00E2C00ECE8FF /* ViewController.swift */; };
		8864836720E00E2D00ECE8FF /* Assets.xcassets in Resources */ = {isa = PBXBuildFile; fileRef = 8864836620E00E2D00ECE8FF /* Assets.xcassets */; };
		8864836A20E00E2D00ECE8FF /* LaunchScreen.storyboard in Resources */ = {isa = PBXBuildFile; fileRef = 8864836820E00E2D00ECE8FF /* LaunchScreen.storyboard */; };
		8864837220E00E4200ECE8FF /* README in Resources */ = {isa = PBXBuildFile; fileRef = 8864837120E00E4200ECE8FF /* README */; };
		8864837420E00FD000ECE8FF /* SharedCaptureController.swift in Sources */ = {isa = PBXBuildFile; fileRef = 8864837320E00FD000ECE8FF /* SharedCaptureController.swift */; };
		8864837820E0116B00ECE8FF /* UDPManager.swift in Sources */ = {isa = PBXBuildFile; fileRef = 8864837720E0116B00ECE8FF /* UDPManager.swift */; };
		8864838220E0179A00ECE8FF /* UDPServer.swift in Sources */ = {isa = PBXBuildFile; fileRef = 8864838120E0179600ECE8FF /* UDPServer.swift */; };
		8864838420E0203000ECE8FF /* CaptureViewController.swift in Sources */ = {isa = PBXBuildFile; fileRef = 8864838320E0203000ECE8FF /* CaptureViewController.swift */; };
		88ED810E20E17E8800ED329D /* Main.storyboard in Resources */ = {isa = PBXBuildFile; fileRef = 88ED810D20E17E4D00ED329D /* Main.storyboard */; };
/* End PBXBuildFile section */

/* Begin PBXFileReference section */
		8864835C20E00E2B00ECE8FF /* udpsnap.app */ = {isa = PBXFileReference; explicitFileType = wrapper.application; includeInIndex = 0; path = udpsnap.app; sourceTree = BUILT_PRODUCTS_DIR; };
		8864835F20E00E2B00ECE8FF /* AppDelegate.swift */ = {isa = PBXFileReference; lastKnownFileType = sourcecode.swift; path = AppDelegate.swift; sourceTree = "<group>"; };
		8864836120E00E2C00ECE8FF /* ViewController.swift */ = {isa = PBXFileReference; lastKnownFileType = sourcecode.swift; path = ViewController.swift; sourceTree = "<group>"; };
		8864836620E00E2D00ECE8FF /* Assets.xcassets */ = {isa = PBXFileReference; lastKnownFileType = folder.assetcatalog; path = Assets.xcassets; sourceTree = "<group>"; };
		8864836920E00E2D00ECE8FF /* Base */ = {isa = PBXFileReference; lastKnownFileType = file.storyboard; name = Base; path = Base.lproj/LaunchScreen.storyboard; sourceTree = "<group>"; };
		8864836B20E00E2D00ECE8FF /* Info.plist */ = {isa = PBXFileReference; lastKnownFileType = text.plist.xml; path = Info.plist; sourceTree = "<group>"; };
		8864837120E00E4200ECE8FF /* README */ = {isa = PBXFileReference; lastKnownFileType = text; path = README; sourceTree = "<group>"; };
		8864837320E00FD000ECE8FF /* SharedCaptureController.swift */ = {isa = PBXFileReference; lastKnownFileType = sourcecode.swift; path = SharedCaptureController.swift; sourceTree = "<group>"; };
		8864837720E0116B00ECE8FF /* UDPManager.swift */ = {isa = PBXFileReference; lastKnownFileType = sourcecode.swift; path = UDPManager.swift; sourceTree = "<group>"; };
		8864837B20E0139E00ECE8FF /* udpsnap-Bridging-Header.h */ = {isa = PBXFileReference; lastKnownFileType = sourcecode.c.h; path = "udpsnap-Bridging-Header.h"; sourceTree = "<group>"; };
		8864838120E0179600ECE8FF /* UDPServer.swift */ = {isa = PBXFileReference; lastKnownFileType = sourcecode.swift; path = UDPServer.swift; sourceTree = "<group>"; };
		8864838320E0203000ECE8FF /* CaptureViewController.swift */ = {isa = PBXFileReference; lastKnownFileType = sourcecode.swift; path = CaptureViewController.swift; sourceTree = "<group>"; };
		88ED810D20E17E4D00ED329D /* Main.storyboard */ = {isa = PBXFileReference; lastKnownFileType = file.storyboard; name = Main.storyboard; path = /Users/sychram/Repositories/udpsnap/udpsnap/udpsnap/Main.storyboard; sourceTree = "<absolute>"; };
		88ED810F20E18EB900ED329D /* udpsnap.entitlements */ = {isa = PBXFileReference; lastKnownFileType = text.plist.entitlements; path = udpsnap.entitlements; sourceTree = "<group>"; };
		A5EB19D723AC3DD1931746F3 /* Pods-udpsnap.release.xcconfig */ = {isa = PBXFileReference; includeInIndex = 1; lastKnownFileType = text.xcconfig; name = "Pods-udpsnap.release.xcconfig"; path = "Pods/Target Support Files/Pods-udpsnap/Pods-udpsnap.release.xcconfig"; sourceTree = "<group>"; };
		B54F74FE2C94A8C751909CAD /* Pods-udpsnap.debug.xcconfig */ = {isa = PBXFileReference; includeInIndex = 1; lastKnownFileType = text.xcconfig; name = "Pods-udpsnap.debug.xcconfig"; path = "Pods/Target Support Files/Pods-udpsnap/Pods-udpsnap.debug.xcconfig"; sourceTree = "<group>"; };
		D02C501F37BAC8A52FC649E5 /* Pods_udpsnap.framework */ = {isa = PBXFileReference; explicitFileType = wrapper.framework; includeInIndex = 0; path = Pods_udpsnap.framework; sourceTree = BUILT_PRODUCTS_DIR; };
/* End PBXFileReference section */

/* Begin PBXFrameworksBuildPhase section */
		8864835920E00E2B00ECE8FF /* Frameworks */ = {
			isa = PBXFrameworksBuildPhase;
			buildActionMask = 2147483647;
			files = (
				22B0FCDE6F7F4B521AE004DD /* Pods_udpsnap.framework in Frameworks */,
			);
			runOnlyForDeploymentPostprocessing = 0;
		};
/* End PBXFrameworksBuildPhase section */

/* Begin PBXGroup section */
		624536D8B1F3659475AAA2CB /* Pods */ = {
			isa = PBXGroup;
			children = (
				B54F74FE2C94A8C751909CAD /* Pods-udpsnap.debug.xcconfig */,
				A5EB19D723AC3DD1931746F3 /* Pods-udpsnap.release.xcconfig */,
			);
			name = Pods;
			sourceTree = "<group>";
		};
		84ADCF149054E87117A57F50 /* Frameworks */ = {
			isa = PBXGroup;
			children = (
				D02C501F37BAC8A52FC649E5 /* Pods_udpsnap.framework */,
			);
			name = Frameworks;
			sourceTree = "<group>";
		};
		8864835320E00E2B00ECE8FF = {
			isa = PBXGroup;
			children = (
				8864837120E00E4200ECE8FF /* README */,
				8864835E20E00E2B00ECE8FF /* udpsnap */,
				8864835D20E00E2B00ECE8FF /* Products */,
				624536D8B1F3659475AAA2CB /* Pods */,
				84ADCF149054E87117A57F50 /* Frameworks */,
				8864837B20E0139E00ECE8FF /* udpsnap-Bridging-Header.h */,
			);
			sourceTree = "<group>";
		};
		8864835D20E00E2B00ECE8FF /* Products */ = {
			isa = PBXGroup;
			children = (
				8864835C20E00E2B00ECE8FF /* udpsnap.app */,
			);
			name = Products;
			sourceTree = "<group>";
		};
		8864835E20E00E2B00ECE8FF /* udpsnap */ = {
			isa = PBXGroup;
			children = (
				88ED810F20E18EB900ED329D /* udpsnap.entitlements */,
				8864835F20E00E2B00ECE8FF /* AppDelegate.swift */,
				8864836120E00E2C00ECE8FF /* ViewController.swift */,
				8864836620E00E2D00ECE8FF /* Assets.xcassets */,
				88ED810D20E17E4D00ED329D /* Main.storyboard */,
				8864836820E00E2D00ECE8FF /* LaunchScreen.storyboard */,
				8864836B20E00E2D00ECE8FF /* Info.plist */,
				8864838320E0203000ECE8FF /* CaptureViewController.swift */,
				8864837320E00FD000ECE8FF /* SharedCaptureController.swift */,
				8864837720E0116B00ECE8FF /* UDPManager.swift */,
				8864838120E0179600ECE8FF /* UDPServer.swift */,
			);
			path = udpsnap;
			sourceTree = "<group>";
		};
/* End PBXGroup section */

/* Begin PBXNativeTarget section */
		8864835B20E00E2B00ECE8FF /* udpsnap */ = {
			isa = PBXNativeTarget;
			buildConfigurationList = 8864836E20E00E2D00ECE8FF /* Build configuration list for PBXNativeTarget "udpsnap" */;
			buildPhases = (
				FC0C3A9FA983470B0A929B38 /* [CP] Check Pods Manifest.lock */,
				8864835820E00E2B00ECE8FF /* Sources */,
				8864835920E00E2B00ECE8FF /* Frameworks */,
				8864835A20E00E2B00ECE8FF /* Resources */,
				8140DD4D80DE1AE394278326 /* [CP] Embed Pods Frameworks */,
			);
			buildRules = (
			);
			dependencies = (
			);
			name = udpsnap;
			productName = udpsnap;
			productReference = 8864835C20E00E2B00ECE8FF /* udpsnap.app */;
			productType = "com.apple.product-type.application";
		};
/* End PBXNativeTarget section */

/* Begin PBXProject section */
		8864835420E00E2B00ECE8FF /* Project object */ = {
			isa = PBXProject;
			attributes = {
				LastSwiftUpdateCheck = 0940;
				LastUpgradeCheck = 0940;
				ORGANIZATIONNAME = THiNX;
				TargetAttributes = {
					8864835B20E00E2B00ECE8FF = {
						CreatedOnToolsVersion = 9.4.1;
						LastSwiftMigration = 0940;
						SystemCapabilities = {
							com.apple.iCloud = {
								enabled = 1;
							};
						};
					};
				};
			};
			buildConfigurationList = 8864835720E00E2B00ECE8FF /* Build configuration list for PBXProject "udpsnap" */;
			compatibilityVersion = "Xcode 9.3";
			developmentRegion = en;
			hasScannedForEncodings = 0;
			knownRegions = (
				en,
				Base,
			);
			mainGroup = 8864835320E00E2B00ECE8FF;
			productRefGroup = 8864835D20E00E2B00ECE8FF /* Products */;
			projectDirPath = "";
			projectRoot = "";
			targets = (
				8864835B20E00E2B00ECE8FF /* udpsnap */,
			);
		};
/* End PBXProject section */

/* Begin PBXResourcesBuildPhase section */
		8864835A20E00E2B00ECE8FF /* Resources */ = {
			isa = PBXResourcesBuildPhase;
			buildActionMask = 2147483647;
			files = (
				8864837220E00E4200ECE8FF /* README in Resources */,
				8864836A20E00E2D00ECE8FF /* LaunchScreen.storyboard in Resources */,
				8864836720E00E2D00ECE8FF /* Assets.xcassets in Resources */,
				88ED810E20E17E8800ED329D /* Main.storyboard in Resources */,
			);
			runOnlyForDeploymentPostprocessing = 0;
		};
/* End PBXResourcesBuildPhase section */

/* Begin PBXShellScriptBuildPhase section */
		8140DD4D80DE1AE394278326 /* [CP] Embed Pods Frameworks */ = {
			isa = PBXShellScriptBuildPhase;
			buildActionMask = 2147483647;
			files = (
			);
			inputPaths = (
				"${SRCROOT}/Pods/Target Support Files/Pods-udpsnap/Pods-udpsnap-frameworks.sh",
				"${BUILT_PRODUCTS_DIR}/BlueSocket/Socket.framework",
				"${BUILT_PRODUCTS_DIR}/JDStatusBarNotification/JDStatusBarNotification.framework",
			);
			name = "[CP] Embed Pods Frameworks";
			outputPaths = (
				"${TARGET_BUILD_DIR}/${FRAMEWORKS_FOLDER_PATH}/Socket.framework",
				"${TARGET_BUILD_DIR}/${FRAMEWORKS_FOLDER_PATH}/JDStatusBarNotification.framework",
			);
			runOnlyForDeploymentPostprocessing = 0;
			shellPath = /bin/sh;
			shellScript = "\"${SRCROOT}/Pods/Target Support Files/Pods-udpsnap/Pods-udpsnap-frameworks.sh\"\n";
			showEnvVarsInLog = 0;
		};
		FC0C3A9FA983470B0A929B38 /* [CP] Check Pods Manifest.lock */ = {
			isa = PBXShellScriptBuildPhase;
			buildActionMask = 2147483647;
			files = (
			);
			inputPaths = (
				"${PODS_PODFILE_DIR_PATH}/Podfile.lock",
				"${PODS_ROOT}/Manifest.lock",
			);
			name = "[CP] Check Pods Manifest.lock";
			outputPaths = (
				"$(DERIVED_FILE_DIR)/Pods-udpsnap-checkManifestLockResult.txt",
			);
			runOnlyForDeploymentPostprocessing = 0;
			shellPath = /bin/sh;
			shellScript = "diff \"${PODS_PODFILE_DIR_PATH}/Podfile.lock\" \"${PODS_ROOT}/Manifest.lock\" > /dev/null\nif [ $? != 0 ] ; then\n    # print error to STDERR\n    echo \"error: The sandbox is not in sync with the Podfile.lock. Run 'pod install' or update your CocoaPods installation.\" >&2\n    exit 1\nfi\n# This output is used by Xcode 'outputs' to avoid re-running this script phase.\necho \"SUCCESS\" > \"${SCRIPT_OUTPUT_FILE_0}\"\n";
			showEnvVarsInLog = 0;
		};
/* End PBXShellScriptBuildPhase section */

/* Begin PBXSourcesBuildPhase section */
		8864835820E00E2B00ECE8FF /* Sources */ = {
			isa = PBXSourcesBuildPhase;
			buildActionMask = 2147483647;
			files = (
				8864836220E00E2C00ECE8FF /* ViewController.swift in Sources */,
				8864838420E0203000ECE8FF /* CaptureViewController.swift in Sources */,
				8864837420E00FD000ECE8FF /* SharedCaptureController.swift in Sources */,
				8864836020E00E2B00ECE8FF /* AppDelegate.swift in Sources */,
				8864837820E0116B00ECE8FF /* UDPManager.swift in Sources */,
				8864838220E0179A00ECE8FF /* UDPServer.swift in Sources */,
			);
			runOnlyForDeploymentPostprocessing = 0;
		};
/* End PBXSourcesBuildPhase section */

/* Begin PBXVariantGroup section */
		8864836820E00E2D00ECE8FF /* LaunchScreen.storyboard */ = {
			isa = PBXVariantGroup;
			children = (
				8864836920E00E2D00ECE8FF /* Base */,
			);
			name = LaunchScreen.storyboard;
			sourceTree = "<group>";
		};
/* End PBXVariantGroup section */

/* Begin XCBuildConfiguration section */
		8864836C20E00E2D00ECE8FF /* Debug */ = {
			isa = XCBuildConfiguration;
			buildSettings = {
				ALWAYS_SEARCH_USER_PATHS = NO;
				CLANG_ANALYZER_NONNULL = YES;
				CLANG_ANALYZER_NUMBER_OBJECT_CONVERSION = YES_AGGRESSIVE;
				CLANG_CXX_LANGUAGE_STANDARD = "gnu++14";
				CLANG_CXX_LIBRARY = "libc++";
				CLANG_ENABLE_MODULES = YES;
				CLANG_ENABLE_OBJC_ARC = YES;
				CLANG_ENABLE_OBJC_WEAK = YES;
				CLANG_WARN_BLOCK_CAPTURE_AUTORELEASING = YES;
				CLANG_WARN_BOOL_CONVERSION = YES;
				CLANG_WARN_COMMA = YES;
				CLANG_WARN_CONSTANT_CONVERSION = YES;
				CLANG_WARN_DEPRECATED_OBJC_IMPLEMENTATIONS = YES;
				CLANG_WARN_DIRECT_OBJC_ISA_USAGE = YES_ERROR;
				CLANG_WARN_DOCUMENTATION_COMMENTS = YES;
				CLANG_WARN_EMPTY_BODY = YES;
				CLANG_WARN_ENUM_CONVERSION = YES;
				CLANG_WARN_INFINITE_RECURSION = YES;
				CLANG_WARN_INT_CONVERSION = YES;
				CLANG_WARN_NON_LITERAL_NULL_CONVERSION = YES;
				CLANG_WARN_OBJC_IMPLICIT_RETAIN_SELF = YES;
				CLANG_WARN_OBJC_LITERAL_CONVERSION = YES;
				CLANG_WARN_OBJC_ROOT_CLASS = YES_ERROR;
				CLANG_WARN_RANGE_LOOP_ANALYSIS = YES;
				CLANG_WARN_STRICT_PROTOTYPES = YES;
				CLANG_WARN_SUSPICIOUS_MOVE = YES;
				CLANG_WARN_UNGUARDED_AVAILABILITY = YES_AGGRESSIVE;
				CLANG_WARN_UNREACHABLE_CODE = YES;
				CLANG_WARN__DUPLICATE_METHOD_MATCH = YES;
				CODE_SIGN_IDENTITY = "iPhone Developer";
				COPY_PHASE_STRIP = NO;
				DEBUG_INFORMATION_FORMAT = dwarf;
				ENABLE_STRICT_OBJC_MSGSEND = YES;
				ENABLE_TESTABILITY = YES;
				GCC_C_LANGUAGE_STANDARD = gnu11;
				GCC_DYNAMIC_NO_PIC = NO;
				GCC_NO_COMMON_BLOCKS = YES;
				GCC_OPTIMIZATION_LEVEL = 0;
				GCC_PREPROCESSOR_DEFINITIONS = (
					"DEBUG=1",
					"$(inherited)",
				);
				GCC_WARN_64_TO_32_BIT_CONVERSION = YES;
				GCC_WARN_ABOUT_RETURN_TYPE = YES_ERROR;
				GCC_WARN_UNDECLARED_SELECTOR = YES;
				GCC_WARN_UNINITIALIZED_AUTOS = YES_AGGRESSIVE;
				GCC_WARN_UNUSED_FUNCTION = YES;
				GCC_WARN_UNUSED_VARIABLE = YES;
				IPHONEOS_DEPLOYMENT_TARGET = 11.0;
				MTL_ENABLE_DEBUG_INFO = YES;
				ONLY_ACTIVE_ARCH = YES;
				SDKROOT = iphoneos;
				SWIFT_ACTIVE_COMPILATION_CONDITIONS = DEBUG;
				SWIFT_OPTIMIZATION_LEVEL = "-Onone";
			};
			name = Debug;
		};
		8864836D20E00E2D00ECE8FF /* Release */ = {
			isa = XCBuildConfiguration;
			buildSettings = {
				ALWAYS_SEARCH_USER_PATHS = NO;
				CLANG_ANALYZER_NONNULL = YES;
				CLANG_ANALYZER_NUMBER_OBJECT_CONVERSION = YES_AGGRESSIVE;
				CLANG_CXX_LANGUAGE_STANDARD = "gnu++14";
				CLANG_CXX_LIBRARY = "libc++";
				CLANG_ENABLE_MODULES = YES;
				CLANG_ENABLE_OBJC_ARC = YES;
				CLANG_ENABLE_OBJC_WEAK = YES;
				CLANG_WARN_BLOCK_CAPTURE_AUTORELEASING = YES;
				CLANG_WARN_BOOL_CONVERSION = YES;
				CLANG_WARN_COMMA = YES;
				CLANG_WARN_CONSTANT_CONVERSION = YES;
				CLANG_WARN_DEPRECATED_OBJC_IMPLEMENTATIONS = YES;
				CLANG_WARN_DIRECT_OBJC_ISA_USAGE = YES_ERROR;
				CLANG_WARN_DOCUMENTATION_COMMENTS = YES;
				CLANG_WARN_EMPTY_BODY = YES;
				CLANG_WARN_ENUM_CONVERSION = YES;
				CLANG_WARN_INFINITE_RECURSION = YES;
				CLANG_WARN_INT_CONVERSION = YES;
				CLANG_WARN_NON_LITERAL_NULL_CONVERSION = YES;
				CLANG_WARN_OBJC_IMPLICIT_RETAIN_SELF = YES;
				CLANG_WARN_OBJC_LITERAL_CONVERSION = YES;
				CLANG_WARN_OBJC_ROOT_CLASS = YES_ERROR;
				CLANG_WARN_RANGE_LOOP_ANALYSIS = YES;
				CLANG_WARN_STRICT_PROTOTYPES = YES;
				CLANG_WARN_SUSPICIOUS_MOVE = YES;
				CLANG_WARN_UNGUARDED_AVAILABILITY = YES_AGGRESSIVE;
				CLANG_WARN_UNREACHABLE_CODE = YES;
				CLANG_WARN__DUPLICATE_METHOD_MATCH = YES;
				CODE_SIGN_IDENTITY = "iPhone Developer";
				COPY_PHASE_STRIP = NO;
				DEBUG_INFORMATION_FORMAT = "dwarf-with-dsym";
				ENABLE_NS_ASSERTIONS = NO;
				ENABLE_STRICT_OBJC_MSGSEND = YES;
				GCC_C_LANGUAGE_STANDARD = gnu11;
				GCC_NO_COMMON_BLOCKS = YES;
				GCC_WARN_64_TO_32_BIT_CONVERSION = YES;
				GCC_WARN_ABOUT_RETURN_TYPE = YES_ERROR;
				GCC_WARN_UNDECLARED_SELECTOR = YES;
				GCC_WARN_UNINITIALIZED_AUTOS = YES_AGGRESSIVE;
				GCC_WARN_UNUSED_FUNCTION = YES;
				GCC_WARN_UNUSED_VARIABLE = YES;
				IPHONEOS_DEPLOYMENT_TARGET = 11.0;
				MTL_ENABLE_DEBUG_INFO = NO;
				SDKROOT = iphoneos;
				SWIFT_COMPILATION_MODE = wholemodule;
				SWIFT_OPTIMIZATION_LEVEL = "-O";
				VALIDATE_PRODUCT = YES;
			};
			name = Release;
		};
		8864836F20E00E2D00ECE8FF /* Debug */ = {
			isa = XCBuildConfiguration;
			baseConfigurationReference = B54F74FE2C94A8C751909CAD /* Pods-udpsnap.debug.xcconfig */;
			buildSettings = {
				ASSETCATALOG_COMPILER_APPICON_NAME = AppIcon;
				CLANG_ENABLE_MODULES = YES;
				CODE_SIGN_ENTITLEMENTS = udpsnap/udpsnap.entitlements;
				CODE_SIGN_STYLE = Automatic;
				DEVELOPMENT_TEAM = NU939F5D2T;
				INFOPLIST_FILE = udpsnap/Info.plist;
				LD_RUNPATH_SEARCH_PATHS = (
					"$(inherited)",
					"@executable_path/Frameworks",
				);
				PRODUCT_BUNDLE_IDENTIFIER = com.thinx.udpsnap;
				PRODUCT_NAME = "$(TARGET_NAME)";
				SWIFT_OBJC_BRIDGING_HEADER = "udpsnap-Bridging-Header.h";
				SWIFT_OPTIMIZATION_LEVEL = "-Onone";
				SWIFT_VERSION = 4.0;
				TARGETED_DEVICE_FAMILY = "1,2";
			};
			name = Debug;
		};
		8864837020E00E2D00ECE8FF /* Release */ = {
			isa = XCBuildConfiguration;
			baseConfigurationReference = A5EB19D723AC3DD1931746F3 /* Pods-udpsnap.release.xcconfig */;
			buildSettings = {
				ASSETCATALOG_COMPILER_APPICON_NAME = AppIcon;
				CLANG_ENABLE_MODULES = YES;
				CODE_SIGN_ENTITLEMENTS = udpsnap/udpsnap.entitlements;
				CODE_SIGN_STYLE = Automatic;
				DEVELOPMENT_TEAM = NU939F5D2T;
				INFOPLIST_FILE = udpsnap/Info.plist;
				LD_RUNPATH_SEARCH_PATHS = (
					"$(inherited)",
					"@executable_path/Frameworks",
				);
				PRODUCT_BUNDLE_IDENTIFIER = com.thinx.udpsnap;
				PRODUCT_NAME = "$(TARGET_NAME)";
				SWIFT_OBJC_BRIDGING_HEADER = "udpsnap-Bridging-Header.h";
				SWIFT_VERSION = 4.0;
				TARGETED_DEVICE_FAMILY = "1,2";
			};
			name = Release;
		};
/* End XCBuildConfiguration section */

/* Begin XCConfigurationList section */
		8864835720E00E2B00ECE8FF /* Build configuration list for PBXProject "udpsnap" */ = {
			isa = XCConfigurationList;
			buildConfigurations = (
				8864836C20E00E2D00ECE8FF /* Debug */,
				8864836D20E00E2D00ECE8FF /* Release */,
			);
			defaultConfigurationIsVisible = 0;
			defaultConfigurationName = Release;
		};
		8864836E20E00E2D00ECE8FF /* Build configuration list for PBXNativeTarget "udpsnap" */ = {
			isa = XCConfigurationList;
			buildConfigurations = (
				8864836F20E00E2D00ECE8FF /* Debug */,
				8864837020E00E2D00ECE8FF /* Release */,
			);
			defaultConfigurationIsVisible = 0;
			defaultConfigurationName = Release;
		};
/* End XCConfigurationList section */
	};
	rootObject = 8864835420E00E2B00ECE8FF /* Project object */;
}
